
Microsoft Visual Studio Solution File, Format Version 12.00
# Visual Studio Version 17
VisualStudioVersion = 17.0.31903.59
MinimumVisualStudioVersion = 10.0.40219.1
Project("{2150E333-8FDC-42A3-9474-1A3956D46DE8}") = "src", "src", "{55C5EDF1-2710-46A8-BD3F-FE56E4BA9F85}"
EndProject
Project("{FAE04EC0-301F-11D3-BF4B-00C04F79EFBC}") = "Api", "src\Api\Api.csproj", "{76B5FCE7-4D36-49F9-9283-02E119DC8DFE}"
EndProject
Project("{2150E333-8FDC-42A3-9474-1A3956D46DE8}") = "tests", "tests", "{E60E4647-C39C-43A8-8985-346483655EFC}"
EndProject
Project("{FAE04EC0-301F-11D3-BF4B-00C04F79EFBC}") = "Api.Tests", "tests\Api.Tests\Api.Tests.csproj", "{53EF1C8F-A408-4B3E-979A-33350612E3F2}"
EndProject
Global
	GlobalSection(SolutionConfigurationPlatforms) = preSolution
		Debug|Any CPU = Debug|Any CPU
		Release|Any CPU = Release|Any CPU
	EndGlobalSection
	GlobalSection(SolutionProperties) = preSolution
		HideSolutionNode = FALSE
	EndGlobalSection
	GlobalSection(ProjectConfigurationPlatforms) = postSolution
		{76B5FCE7-4D36-49F9-9283-02E119DC8DFE}.Debug|Any CPU.ActiveCfg = Debug|Any CPU
		{76B5FCE7-4D36-49F9-9283-02E119DC8DFE}.Debug|Any CPU.Build.0 = Debug|Any CPU
		{76B5FCE7-4D36-49F9-9283-02E119DC8DFE}.Release|Any CPU.ActiveCfg = Release|Any CPU
		{76B5FCE7-4D36-49F9-9283-02E119DC8DFE}.Release|Any CPU.Build.0 = Release|Any CPU
		{53EF1C8F-A408-4B3E-979A-33350612E3F2}.Debug|Any CPU.ActiveCfg = Debug|Any CPU
		{53EF1C8F-A408-4B3E-979A-33350612E3F2}.Debug|Any CPU.Build.0 = Debug|Any CPU
		{53EF1C8F-A408-4B3E-979A-33350612E3F2}.Release|Any CPU.ActiveCfg = Release|Any CPU
		{53EF1C8F-A408-4B3E-979A-33350612E3F2}.Release|Any CPU.Build.0 = Release|Any CPU
	EndGlobalSection
	GlobalSection(NestedProjects) = preSolution
		{76B5FCE7-4D36-49F9-9283-02E119DC8DFE} = {55C5EDF1-2710-46A8-BD3F-FE56E4BA9F85}
		{53EF1C8F-A408-4B3E-979A-33350612E3F2} = {E60E4647-C39C-43A8-8985-346483655EFC}
	EndGlobalSection
EndGlobal
